
Microsoft Visual Studio Solution File, Format Version 12.00
# Visual Studio Version 16
VisualStudioVersion = 16.0.30717.126
MinimumVisualStudioVersion = 10.0.40219.1
Project("{FAE04EC0-301F-11D3-BF4B-00C04F79EFBC}") = "PizzaDremma", "PizzaDremma\PizzaDremma.csproj", "{2C1CD247-87F6-4BD2-B2CF-2CD5A19AC24C}"
EndProject
Project("{FAE04EC0-301F-11D3-BF4B-00C04F79EFBC}") = "TestPizza", "TestPizza\TestPizza.csproj", "{67EA891F-FFD1-4DEB-84E2-AE91C17B91F8}"
EndProject
Global
	GlobalSection(SolutionConfigurationPlatforms) = preSolution
		Debug|Any CPU = Debug|Any CPU
		Release|Any CPU = Release|Any CPU
	EndGlobalSection
	GlobalSection(ProjectConfigurationPlatforms) = postSolution
		{2C1CD247-87F6-4BD2-B2CF-2CD5A19AC24C}.Debug|Any CPU.ActiveCfg = Debug|Any CPU
		{2C1CD247-87F6-4BD2-B2CF-2CD5A19AC24C}.Debug|Any CPU.Build.0 = Debug|Any CPU
		{2C1CD247-87F6-4BD2-B2CF-2CD5A19AC24C}.Release|Any CPU.ActiveCfg = Release|Any CPU
		{2C1CD247-87F6-4BD2-B2CF-2CD5A19AC24C}.Release|Any CPU.Build.0 = Release|Any CPU
		{67EA891F-FFD1-4DEB-84E2-AE91C17B91F8}.Debug|Any CPU.ActiveCfg = Debug|Any CPU
		{67EA891F-FFD1-4DEB-84E2-AE91C17B91F8}.Debug|Any CPU.Build.0 = Debug|Any CPU
		{67EA891F-FFD1-4DEB-84E2-AE91C17B91F8}.Release|Any CPU.ActiveCfg = Release|Any CPU
		{67EA891F-FFD1-4DEB-84E2-AE91C17B91F8}.Release|Any CPU.Build.0 = Release|Any CPU
	EndGlobalSection
	GlobalSection(SolutionProperties) = preSolution
		HideSolutionNode = FALSE
	EndGlobalSection
	GlobalSection(ExtensibilityGlobals) = postSolution
		SolutionGuid = {CD462D9F-E96C-44CF-95A2-2CD1471BAAFD}
	EndGlobalSection
EndGlobal
